
Microsoft Visual Studio Solution File, Format Version 11.00
# Visual Studio 2010
Project("{FAE04EC0-301F-11D3-BF4B-00C04F79EFBC}") = "Hazard_Video", "Hazard_Video\Hazard_Video.csproj", "{972B08E9-EB62-4EBD-B27A-4907AFCAE860}"
EndProject
Global
	GlobalSection(SolutionConfigurationPlatforms) = preSolution
		Debug|x86 = Debug|x86
		Release|x86 = Release|x86
	EndGlobalSection
	GlobalSection(ProjectConfigurationPlatforms) = postSolution
		{972B08E9-EB62-4EBD-B27A-4907AFCAE860}.Debug|x86.ActiveCfg = Debug|x86
		{972B08E9-EB62-4EBD-B27A-4907AFCAE860}.Debug|x86.Build.0 = Debug|x86
		{972B08E9-EB62-4EBD-B27A-4907AFCAE860}.Release|x86.ActiveCfg = Release|x86
		{972B08E9-EB62-4EBD-B27A-4907AFCAE860}.Release|x86.Build.0 = Release|x86
	EndGlobalSection
	GlobalSection(SolutionProperties) = preSolution
		HideSolutionNode = FALSE
	EndGlobalSection
EndGlobal
